schema: '2.0'
stages:
  train:
    cmd: python pipeline/run_training_job.py
    deps:
    - path: config/config.yaml
      hash: md5
      md5: c55e03325d319df271c568d073428569
      size: 373
    - path: data/adult.csv
      hash: md5
      md5: 34816d59c9ddd11df4a092e38a674320
      size: 4380698
    - path: pipeline/run_training_job.py
      hash: md5
      md5: 3bc1f504178328bd937c41925c133111
      size: 4167
    - path: training/train.py
      hash: md5
      md5: 42a763c7fe128fc7b0ce61ee0ea4b9b7
      size: 8969
    outs:
    - path: artifacts/metrics/metrics.json
      hash: md5
      md5: 96735b20a3d386e20a65ca96b117d328
      size: 249
    - path: artifacts/model/model.tar.gz
      hash: md5
      md5: c19570042b1506d4c63c2d0ffe85fc3c
      size: 125352
    - path: mlruns/
      hash: md5
      md5: eb31b02a367a4674f1771393330b3958.dir
      size: 419750
      nfiles: 34
  evaluate:
    cmd: python pipeline/run_evaluation_job.py
    deps:
    - path: config/config.yaml
      hash: md5
      md5: c55e03325d319df271c568d073428569
      size: 373
    - path: evaluation/evaluate.py
      hash: md5
      md5: 249179f16be21eec64b976accc2259ce
      size: 2441
    - path: pipeline/run_evaluation_job.py
      hash: md5
      md5: 8f252144978be491b82eeef490907352
      size: 2064
    outs:
    - path: artifacts/eval/evaluation.json
      hash: md5
      md5: ed4ea6ed476c6c46549177aa568248a5
      size: 56
