schema: '2.0'
stages:
  train:
    cmd: python pipeline/run_training_job.py
    deps:
    - path: config/config.yaml
      hash: md5
      md5: 58ad5d610c35cceb02c438f665bb145b
      size: 373
    - path: data/adult.csv
      hash: md5
      md5: 34816d59c9ddd11df4a092e38a674320
      size: 4380698
    - path: pipeline/run_training_job.py
      hash: md5
      md5: 3bc1f504178328bd937c41925c133111
      size: 4167
    - path: training/train.py
      hash: md5
      md5: 42a763c7fe128fc7b0ce61ee0ea4b9b7
      size: 8969
    outs:
    - path: artifacts/metrics/metrics.json
      hash: md5
      md5: db3f93db511430d2bb481a060834313f
      size: 248
    - path: artifacts/model/model.tar.gz
      hash: md5
      md5: 4b452c94f5463968d89a5f07e53f4708
      size: 124424
    - path: mlruns/
      hash: md5
      md5: 5e2856fb4f9201070094fcf8da4d9922.dir
      size: 416825
      nfiles: 34
  evaluate:
    cmd: python pipeline/run_evaluation_job.py
    deps:
    - path: config/config.yaml
      hash: md5
      md5: 58ad5d610c35cceb02c438f665bb145b
      size: 373
    - path: evaluation/evaluate.py
      hash: md5
      md5: 249179f16be21eec64b976accc2259ce
      size: 2441
    - path: pipeline/run_evaluation_job.py
      hash: md5
      md5: 8f252144978be491b82eeef490907352
      size: 2064
    outs:
    - path: artifacts/eval/evaluation.json
      hash: md5
      md5: ed4ea6ed476c6c46549177aa568248a5
      size: 56
